
Microsoft Visual Studio Solution File, Format Version 12.00
# Visual Studio Version 17
VisualStudioVersion = 17.2.32616.157
MinimumVisualStudioVersion = 10.0.40219.1
Project("{FAE04EC0-301F-11D3-BF4B-00C04F79EFBC}") = "Static_Exercise", "Static_Exercise\Static_Exercise.csproj", "{CE41E83B-54FC-4D61-9BC1-9842E32B3C07}"
EndProject
Global
	GlobalSection(SolutionConfigurationPlatforms) = preSolution
		Debug|Any CPU = Debug|Any CPU
		Release|Any CPU = Release|Any CPU
	EndGlobalSection
	GlobalSection(ProjectConfigurationPlatforms) = postSolution
		{CE41E83B-54FC-4D61-9BC1-9842E32B3C07}.Debug|Any CPU.ActiveCfg = Debug|Any CPU
		{CE41E83B-54FC-4D61-9BC1-9842E32B3C07}.Debug|Any CPU.Build.0 = Debug|Any CPU
		{CE41E83B-54FC-4D61-9BC1-9842E32B3C07}.Release|Any CPU.ActiveCfg = Release|Any CPU
		{CE41E83B-54FC-4D61-9BC1-9842E32B3C07}.Release|Any CPU.Build.0 = Release|Any CPU
	EndGlobalSection
	GlobalSection(SolutionProperties) = preSolution
		HideSolutionNode = FALSE
	EndGlobalSection
	GlobalSection(ExtensibilityGlobals) = postSolution
		SolutionGuid = {321AC3F0-2770-4C2B-97C5-9B5CC166042D}
	EndGlobalSection
EndGlobal
